
Microsoft Visual Studio Solution File, Format Version 12.00
# Visual Studio Version 16
VisualStudioVersion = 16.0.29509.3
MinimumVisualStudioVersion = 10.0.40219.1
Project("{FAE04EC0-301F-11D3-BF4B-00C04F79EFBC}") = "Plays_Downloader", "Plays_Downloader\Plays_Downloader.csproj", "{AFDCE394-2398-4AAA-A662-0338632EA198}"
EndProject
Global
	GlobalSection(SolutionConfigurationPlatforms) = preSolution
		Debug|Any CPU = Debug|Any CPU
		Release|Any CPU = Release|Any CPU
	EndGlobalSection
	GlobalSection(ProjectConfigurationPlatforms) = postSolution
		{AFDCE394-2398-4AAA-A662-0338632EA198}.Debug|Any CPU.ActiveCfg = Debug|Any CPU
		{AFDCE394-2398-4AAA-A662-0338632EA198}.Debug|Any CPU.Build.0 = Debug|Any CPU
		{AFDCE394-2398-4AAA-A662-0338632EA198}.Release|Any CPU.ActiveCfg = Release|Any CPU
		{AFDCE394-2398-4AAA-A662-0338632EA198}.Release|Any CPU.Build.0 = Release|Any CPU
	EndGlobalSection
	GlobalSection(SolutionProperties) = preSolution
		HideSolutionNode = FALSE
	EndGlobalSection
	GlobalSection(ExtensibilityGlobals) = postSolution
		SolutionGuid = {22E1C7B7-60D1-4B4B-BC71-ACF352CF9BC5}
	EndGlobalSection
EndGlobal
